
Microsoft Visual Studio Solution File, Format Version 12.00
# Visual Studio Version 17
VisualStudioVersion = 17.14.36414.22 d17.14
MinimumVisualStudioVersion = 10.0.40219.1
Project("{FAE04EC0-301F-11D3-BF4B-00C04F79EFBC}") = "GymBridge", "GymBridge\GymBridge.csproj", "{E70D4DC0-DD13-4879-BFE1-11C33E707404}"
EndProject
Global
	GlobalSection(SolutionConfigurationPlatforms) = preSolution
		Debug|Any CPU = Debug|Any CPU
		Release|Any CPU = Release|Any CPU
	EndGlobalSection
	GlobalSection(ProjectConfigurationPlatforms) = postSolution
		{E70D4DC0-DD13-4879-BFE1-11C33E707404}.Debug|Any CPU.ActiveCfg = Debug|Any CPU
		{E70D4DC0-DD13-4879-BFE1-11C33E707404}.Debug|Any CPU.Build.0 = Debug|Any CPU
		{E70D4DC0-DD13-4879-BFE1-11C33E707404}.Release|Any CPU.ActiveCfg = Release|Any CPU
		{E70D4DC0-DD13-4879-BFE1-11C33E707404}.Release|Any CPU.Build.0 = Release|Any CPU
	EndGlobalSection
	GlobalSection(SolutionProperties) = preSolution
		HideSolutionNode = FALSE
	EndGlobalSection
	GlobalSection(ExtensibilityGlobals) = postSolution
		SolutionGuid = {1BD5E467-893A-48ED-901A-B279F7B256E1}
	EndGlobalSection
EndGlobal
